// !$*UTF8*$!
{
	archiveVersion = 1;
	classes = {
	};
	objectVersion = 48;
	objects = {

/* Begin PBXBuildFile section */
		1625CCE720192C1F00BA50F4 /* AppDelegate.swift in Sources */ = {isa = PBXBuildFile; fileRef = 1625CCE620192C1F00BA50F4 /* AppDelegate.swift */; };
		1625CCF420192C1F00BA50F4 /* LaunchScreen.storyboard in Resources */ = {isa = PBXBuildFile; fileRef = 1625CCF220192C1F00BA50F4 /* LaunchScreen.storyboard */; };
		1625CCFF20192C1F00BA50F4 /* EmotionalCoreMLTests.swift in Sources */ = {isa = PBXBuildFile; fileRef = 1625CCFE20192C1F00BA50F4 /* EmotionalCoreMLTests.swift */; };
		1625CD0A20192C1F00BA50F4 /* EmotionalCoreMLUITests.swift in Sources */ = {isa = PBXBuildFile; fileRef = 1625CD0920192C1F00BA50F4 /* EmotionalCoreMLUITests.swift */; };
		1625CD1D20192ED200BA50F4 /* HomeVC.swift in Sources */ = {isa = PBXBuildFile; fileRef = 1625CD1B20192ED200BA50F4 /* HomeVC.swift */; };
		1625CD1E20192ED200BA50F4 /* HomeVC.xib in Resources */ = {isa = PBXBuildFile; fileRef = 1625CD1C20192ED200BA50F4 /* HomeVC.xib */; };
		1625CD20201931ED00BA50F4 /* Asset.xcassets in Resources */ = {isa = PBXBuildFile; fileRef = 1625CD1F201931ED00BA50F4 /* Asset.xcassets */; };
/* End PBXBuildFile section */

/* Begin PBXContainerItemProxy section */
		1625CCFB20192C1F00BA50F4 /* PBXContainerItemProxy */ = {
			isa = PBXContainerItemProxy;
			containerPortal = 1625CCDB20192C1F00BA50F4 /* Project object */;
			proxyType = 1;
			remoteGlobalIDString = 1625CCE220192C1F00BA50F4;
			remoteInfo = EmotionalCoreML;
		};
		1625CD0620192C1F00BA50F4 /* PBXContainerItemProxy */ = {
			isa = PBXContainerItemProxy;
			containerPortal = 1625CCDB20192C1F00BA50F4 /* Project object */;
			proxyType = 1;
			remoteGlobalIDString = 1625CCE220192C1F00BA50F4;
			remoteInfo = EmotionalCoreML;
		};
/* End PBXContainerItemProxy section */

/* Begin PBXFileReference section */
		1625CCE320192C1F00BA50F4 /* EmotionalCoreML.app */ = {isa = PBXFileReference; explicitFileType = wrapper.application; includeInIndex = 0; path = EmotionalCoreML.app; sourceTree = BUILT_PRODUCTS_DIR; };
		1625CCE620192C1F00BA50F4 /* AppDelegate.swift */ = {isa = PBXFileReference; lastKnownFileType = sourcecode.swift; path = AppDelegate.swift; sourceTree = "<group>"; };
		1625CCF320192C1F00BA50F4 /* Base */ = {isa = PBXFileReference; lastKnownFileType = file.storyboard; name = Base; path = Base.lproj/LaunchScreen.storyboard; sourceTree = "<group>"; };
		1625CCF520192C1F00BA50F4 /* Info.plist */ = {isa = PBXFileReference; lastKnownFileType = text.plist.xml; path = Info.plist; sourceTree = "<group>"; };
		1625CCFA20192C1F00BA50F4 /* EmotionalCoreMLTests.xctest */ = {isa = PBXFileReference; explicitFileType = wrapper.cfbundle; includeInIndex = 0; path = EmotionalCoreMLTests.xctest; sourceTree = BUILT_PRODUCTS_DIR; };
		1625CCFE20192C1F00BA50F4 /* EmotionalCoreMLTests.swift */ = {isa = PBXFileReference; lastKnownFileType = sourcecode.swift; path = EmotionalCoreMLTests.swift; sourceTree = "<group>"; };
		1625CD0020192C1F00BA50F4 /* Info.plist */ = {isa = PBXFileReference; lastKnownFileType = text.plist.xml; path = Info.plist; sourceTree = "<group>"; };
		1625CD0520192C1F00BA50F4 /* EmotionalCoreMLUITests.xctest */ = {isa = PBXFileReference; explicitFileType = wrapper.cfbundle; includeInIndex = 0; path = EmotionalCoreMLUITests.xctest; sourceTree = BUILT_PRODUCTS_DIR; };
		1625CD0920192C1F00BA50F4 /* EmotionalCoreMLUITests.swift */ = {isa = PBXFileReference; lastKnownFileType = sourcecode.swift; path = EmotionalCoreMLUITests.swift; sourceTree = "<group>"; };
		1625CD0B20192C1F00BA50F4 /* Info.plist */ = {isa = PBXFileReference; lastKnownFileType = text.plist.xml; path = Info.plist; sourceTree = "<group>"; };
		1625CD1B20192ED200BA50F4 /* HomeVC.swift */ = {isa = PBXFileReference; lastKnownFileType = sourcecode.swift; path = HomeVC.swift; sourceTree = "<group>"; };
		1625CD1C20192ED200BA50F4 /* HomeVC.xib */ = {isa = PBXFileReference; lastKnownFileType = file.xib; path = HomeVC.xib; sourceTree = "<group>"; };
		1625CD1F201931ED00BA50F4 /* Asset.xcassets */ = {isa = PBXFileReference; lastKnownFileType = folder.assetcatalog; path = Asset.xcassets; sourceTree = "<group>"; };
/* End PBXFileReference section */

/* Begin PBXFrameworksBuildPhase section */
		1625CCE020192C1F00BA50F4 /* Frameworks */ = {
			isa = PBXFrameworksBuildPhase;
			buildActionMask = 2147483647;
			files = (
			);
			runOnlyForDeploymentPostprocessing = 0;
		};
		1625CCF720192C1F00BA50F4 /* Frameworks */ = {
			isa = PBXFrameworksBuildPhase;
			buildActionMask = 2147483647;
			files = (
			);
			runOnlyForDeploymentPostprocessing = 0;
		};
		1625CD0220192C1F00BA50F4 /* Frameworks */ = {
			isa = PBXFrameworksBuildPhase;
			buildActionMask = 2147483647;
			files = (
			);
			runOnlyForDeploymentPostprocessing = 0;
		};
/* End PBXFrameworksBuildPhase section */

/* Begin PBXGroup section */
		1625CCDA20192C1F00BA50F4 = {
			isa = PBXGroup;
			children = (
				1625CCE520192C1F00BA50F4 /* EmotionalCoreML */,
				1625CCFD20192C1F00BA50F4 /* EmotionalCoreMLTests */,
				1625CD0820192C1F00BA50F4 /* EmotionalCoreMLUITests */,
				1625CCE420192C1F00BA50F4 /* Products */,
			);
			sourceTree = "<group>";
		};
		1625CCE420192C1F00BA50F4 /* Products */ = {
			isa = PBXGroup;
			children = (
				1625CCE320192C1F00BA50F4 /* EmotionalCoreML.app */,
				1625CCFA20192C1F00BA50F4 /* EmotionalCoreMLTests.xctest */,
				1625CD0520192C1F00BA50F4 /* EmotionalCoreMLUITests.xctest */,
			);
			name = Products;
			sourceTree = "<group>";
		};
		1625CCE520192C1F00BA50F4 /* EmotionalCoreML */ = {
			isa = PBXGroup;
			children = (
				1625CD1720192E7E00BA50F4 /* Core */,
				1625CD1820192E8800BA50F4 /* Mobile */,
				1625CD1920192E9100BA50F4 /* Source */,
				1625CCE620192C1F00BA50F4 /* AppDelegate.swift */,
				1625CCF520192C1F00BA50F4 /* Info.plist */,
			);
			path = EmotionalCoreML;
			sourceTree = "<group>";
		};
		1625CCFD20192C1F00BA50F4 /* EmotionalCoreMLTests */ = {
			isa = PBXGroup;
			children = (
				1625CCFE20192C1F00BA50F4 /* EmotionalCoreMLTests.swift */,
				1625CD0020192C1F00BA50F4 /* Info.plist */,
			);
			path = EmotionalCoreMLTests;
			sourceTree = "<group>";
		};
		1625CD0820192C1F00BA50F4 /* EmotionalCoreMLUITests */ = {
			isa = PBXGroup;
			children = (
				1625CD0920192C1F00BA50F4 /* EmotionalCoreMLUITests.swift */,
				1625CD0B20192C1F00BA50F4 /* Info.plist */,
			);
			path = EmotionalCoreMLUITests;
			sourceTree = "<group>";
		};
		1625CD1720192E7E00BA50F4 /* Core */ = {
			isa = PBXGroup;
			children = (
			);
			path = Core;
			sourceTree = "<group>";
		};
		1625CD1820192E8800BA50F4 /* Mobile */ = {
			isa = PBXGroup;
			children = (
				1625CD1A20192EBE00BA50F4 /* HomeVC */,
			);
			path = Mobile;
			sourceTree = "<group>";
		};
		1625CD1920192E9100BA50F4 /* Source */ = {
			isa = PBXGroup;
			children = (
				1625CCF220192C1F00BA50F4 /* LaunchScreen.storyboard */,
				1625CD1F201931ED00BA50F4 /* Asset.xcassets */,
			);
			path = Source;
			sourceTree = "<group>";
		};
		1625CD1A20192EBE00BA50F4 /* HomeVC */ = {
			isa = PBXGroup;
			children = (
				1625CD1B20192ED200BA50F4 /* HomeVC.swift */,
				1625CD1C20192ED200BA50F4 /* HomeVC.xib */,
			);
			path = HomeVC;
			sourceTree = "<group>";
		};
/* End PBXGroup section */

/* Begin PBXNativeTarget section */
		1625CCE220192C1F00BA50F4 /* EmotionalCoreML */ = {
			isa = PBXNativeTarget;
			buildConfigurationList = 1625CD0E20192C1F00BA50F4 /* Build configuration list for PBXNativeTarget "EmotionalCoreML" */;
			buildPhases = (
				1625CCDF20192C1F00BA50F4 /* Sources */,
				1625CCE020192C1F00BA50F4 /* Frameworks */,
				1625CCE120192C1F00BA50F4 /* Resources */,
			);
			buildRules = (
			);
			dependencies = (
			);
			name = EmotionalCoreML;
			productName = EmotionalCoreML;
			productReference = 1625CCE320192C1F00BA50F4 /* EmotionalCoreML.app */;
			productType = "com.apple.product-type.application";
		};
		1625CCF920192C1F00BA50F4 /* EmotionalCoreMLTests */ = {
			isa = PBXNativeTarget;
			buildConfigurationList = 1625CD1120192C1F00BA50F4 /* Build configuration list for PBXNativeTarget "EmotionalCoreMLTests" */;
			buildPhases = (
				1625CCF620192C1F00BA50F4 /* Sources */,
				1625CCF720192C1F00BA50F4 /* Frameworks */,
				1625CCF820192C1F00BA50F4 /* Resources */,
			);
			buildRules = (
			);
			dependencies = (
				1625CCFC20192C1F00BA50F4 /* PBXTargetDependency */,
			);
			name = EmotionalCoreMLTests;
			productName = EmotionalCoreMLTests;
			productReference = 1625CCFA20192C1F00BA50F4 /* EmotionalCoreMLTests.xctest */;
			productType = "com.apple.product-type.bundle.unit-test";
		};
		1625CD0420192C1F00BA50F4 /* EmotionalCoreMLUITests */ = {
			isa = PBXNativeTarget;
			buildConfigurationList = 1625CD1420192C1F00BA50F4 /* Build configuration list for PBXNativeTarget "EmotionalCoreMLUITests" */;
			buildPhases = (
				1625CD0120192C1F00BA50F4 /* Sources */,
				1625CD0220192C1F00BA50F4 /* Frameworks */,
				1625CD0320192C1F00BA50F4 /* Resources */,
			);
			buildRules = (
			);
			dependencies = (
				1625CD0720192C1F00BA50F4 /* PBXTargetDependency */,
			);
			name = EmotionalCoreMLUITests;
			productName = EmotionalCoreMLUITests;
			productReference = 1625CD0520192C1F00BA50F4 /* EmotionalCoreMLUITests.xctest */;
			productType = "com.apple.product-type.bundle.ui-testing";
		};
/* End PBXNativeTarget section */

/* Begin PBXProject section */
		1625CCDB20192C1F00BA50F4 /* Project object */ = {
			isa = PBXProject;
			attributes = {
				LastSwiftUpdateCheck = 0920;
				LastUpgradeCheck = 0920;
				ORGANIZATIONNAME = "Celil Bozkurt";
				TargetAttributes = {
					1625CCE220192C1F00BA50F4 = {
						CreatedOnToolsVersion = 9.2;
						ProvisioningStyle = Automatic;
					};
					1625CCF920192C1F00BA50F4 = {
						CreatedOnToolsVersion = 9.2;
						ProvisioningStyle = Automatic;
						TestTargetID = 1625CCE220192C1F00BA50F4;
					};
					1625CD0420192C1F00BA50F4 = {
						CreatedOnToolsVersion = 9.2;
						ProvisioningStyle = Automatic;
						TestTargetID = 1625CCE220192C1F00BA50F4;
					};
				};
			};
			buildConfigurationList = 1625CCDE20192C1F00BA50F4 /* Build configuration list for PBXProject "EmotionalCoreML" */;
			compatibilityVersion = "Xcode 8.0";
			developmentRegion = en;
			hasScannedForEncodings = 0;
			knownRegions = (
				en,
				Base,
			);
			mainGroup = 1625CCDA20192C1F00BA50F4;
			productRefGroup = 1625CCE420192C1F00BA50F4 /* Products */;
			projectDirPath = "";
			projectRoot = "";
			targets = (
				1625CCE220192C1F00BA50F4 /* EmotionalCoreML */,
				1625CCF920192C1F00BA50F4 /* EmotionalCoreMLTests */,
				1625CD0420192C1F00BA50F4 /* EmotionalCoreMLUITests */,
			);
		};
/* End PBXProject section */

/* Begin PBXResourcesBuildPhase section */
		1625CCE120192C1F00BA50F4 /* Resources */ = {
			isa = PBXResourcesBuildPhase;
			buildActionMask = 2147483647;
			files = (
				1625CD20201931ED00BA50F4 /* Asset.xcassets in Resources */,
				1625CCF420192C1F00BA50F4 /* LaunchScreen.storyboard in Resources */,
				1625CD1E20192ED200BA50F4 /* HomeVC.xib in Resources */,
			);
			runOnlyForDeploymentPostprocessing = 0;
		};
		1625CCF820192C1F00BA50F4 /* Resources */ = {
			isa = PBXResourcesBuildPhase;
			buildActionMask = 2147483647;
			files = (
			);
			runOnlyForDeploymentPostprocessing = 0;
		};
		1625CD0320192C1F00BA50F4 /* Resources */ = {
			isa = PBXResourcesBuildPhase;
			buildActionMask = 2147483647;
			files = (
			);
			runOnlyForDeploymentPostprocessing = 0;
		};
/* End PBXResourcesBuildPhase section */

/* Begin PBXSourcesBuildPhase section */
		1625CCDF20192C1F00BA50F4 /* Sources */ = {
			isa = PBXSourcesBuildPhase;
			buildActionMask = 2147483647;
			files = (
				1625CCE720192C1F00BA50F4 /* AppDelegate.swift in Sources */,
				1625CD1D20192ED200BA50F4 /* HomeVC.swift in Sources */,
			);
			runOnlyForDeploymentPostprocessing = 0;
		};
		1625CCF620192C1F00BA50F4 /* Sources */ = {
			isa = PBXSourcesBuildPhase;
			buildActionMask = 2147483647;
			files = (
				1625CCFF20192C1F00BA50F4 /* EmotionalCoreMLTests.swift in Sources */,
			);
			runOnlyForDeploymentPostprocessing = 0;
		};
		1625CD0120192C1F00BA50F4 /* Sources */ = {
			isa = PBXSourcesBuildPhase;
			buildActionMask = 2147483647;
			files = (
				1625CD0A20192C1F00BA50F4 /* EmotionalCoreMLUITests.swift in Sources */,
			);
			runOnlyForDeploymentPostprocessing = 0;
		};
/* End PBXSourcesBuildPhase section */

/* Begin PBXTargetDependency section */
		1625CCFC20192C1F00BA50F4 /* PBXTargetDependency */ = {
			isa = PBXTargetDependency;
			target = 1625CCE220192C1F00BA50F4 /* EmotionalCoreML */;
			targetProxy = 1625CCFB20192C1F00BA50F4 /* PBXContainerItemProxy */;
		};
		1625CD0720192C1F00BA50F4 /* PBXTargetDependency */ = {
			isa = PBXTargetDependency;
			target = 1625CCE220192C1F00BA50F4 /* EmotionalCoreML */;
			targetProxy = 1625CD0620192C1F00BA50F4 /* PBXContainerItemProxy */;
		};
/* End PBXTargetDependency section */

/* Begin PBXVariantGroup section */
		1625CCF220192C1F00BA50F4 /* LaunchScreen.storyboard */ = {
			isa = PBXVariantGroup;
			children = (
				1625CCF320192C1F00BA50F4 /* Base */,
			);
			name = LaunchScreen.storyboard;
			sourceTree = "<group>";
		};
/* End PBXVariantGroup section */

/* Begin XCBuildConfiguration section */
		1625CD0C20192C1F00BA50F4 /* Debug */ = {
			isa = XCBuildConfiguration;
			buildSettings = {
				ALWAYS_SEARCH_USER_PATHS = NO;
				CLANG_ANALYZER_NONNULL = YES;
				CLANG_ANALYZER_NUMBER_OBJECT_CONVERSION = YES_AGGRESSIVE;
				CLANG_CXX_LANGUAGE_STANDARD = "gnu++14";
				CLANG_CXX_LIBRARY = "libc++";
				CLANG_ENABLE_MODULES = YES;
				CLANG_ENABLE_OBJC_ARC = YES;
				CLANG_WARN_BLOCK_CAPTURE_AUTORELEASING = YES;
				CLANG_WARN_BOOL_CONVERSION = YES;
				CLANG_WARN_COMMA = YES;
				CLANG_WARN_CONSTANT_CONVERSION = YES;
				CLANG_WARN_DIRECT_OBJC_ISA_USAGE = YES_ERROR;
				CLANG_WARN_DOCUMENTATION_COMMENTS = YES;
				CLANG_WARN_EMPTY_BODY = YES;
				CLANG_WARN_ENUM_CONVERSION = YES;
				CLANG_WARN_INFINITE_RECURSION = YES;
				CLANG_WARN_INT_CONVERSION = YES;
				CLANG_WARN_NON_LITERAL_NULL_CONVERSION = YES;
				CLANG_WARN_OBJC_LITERAL_CONVERSION = YES;
				CLANG_WARN_OBJC_ROOT_CLASS = YES_ERROR;
				CLANG_WARN_RANGE_LOOP_ANALYSIS = YES;
				CLANG_WARN_STRICT_PROTOTYPES = YES;
				CLANG_WARN_SUSPICIOUS_MOVE = YES;
				CLANG_WARN_UNGUARDED_AVAILABILITY = YES_AGGRESSIVE;
				CLANG_WARN_UNREACHABLE_CODE = YES;
				CLANG_WARN__DUPLICATE_METHOD_MATCH = YES;
				CODE_SIGN_IDENTITY = "iPhone Developer";
				COPY_PHASE_STRIP = NO;
				DEBUG_INFORMATION_FORMAT = dwarf;
				ENABLE_STRICT_OBJC_MSGSEND = YES;
				ENABLE_TESTABILITY = YES;
				GCC_C_LANGUAGE_STANDARD = gnu11;
				GCC_DYNAMIC_NO_PIC = NO;
				GCC_NO_COMMON_BLOCKS = YES;
				GCC_OPTIMIZATION_LEVEL = 0;
				GCC_PREPROCESSOR_DEFINITIONS = (
					"DEBUG=1",
					"$(inherited)",
				);
				GCC_WARN_64_TO_32_BIT_CONVERSION = YES;
				GCC_WARN_ABOUT_RETURN_TYPE = YES_ERROR;
				GCC_WARN_UNDECLARED_SELECTOR = YES;
				GCC_WARN_UNINITIALIZED_AUTOS = YES_AGGRESSIVE;
				GCC_WARN_UNUSED_FUNCTION = YES;
				GCC_WARN_UNUSED_VARIABLE = YES;
				IPHONEOS_DEPLOYMENT_TARGET = 11.2;
				MTL_ENABLE_DEBUG_INFO = YES;
				ONLY_ACTIVE_ARCH = YES;
				SDKROOT = iphoneos;
				SWIFT_ACTIVE_COMPILATION_CONDITIONS = DEBUG;
				SWIFT_OPTIMIZATION_LEVEL = "-Onone";
			};
			name = Debug;
		};
		1625CD0D20192C1F00BA50F4 /* Release */ = {
			isa = XCBuildConfiguration;
			buildSettings = {
				ALWAYS_SEARCH_USER_PATHS = NO;
				CLANG_ANALYZER_NONNULL = YES;
				CLANG_ANALYZER_NUMBER_OBJECT_CONVERSION = YES_AGGRESSIVE;
				CLANG_CXX_LANGUAGE_STANDARD = "gnu++14";
				CLANG_CXX_LIBRARY = "libc++";
				CLANG_ENABLE_MODULES = YES;
				CLANG_ENABLE_OBJC_ARC = YES;
				CLANG_WARN_BLOCK_CAPTURE_AUTORELEASING = YES;
				CLANG_WARN_BOOL_CONVERSION = YES;
				CLANG_WARN_COMMA = YES;
				CLANG_WARN_CONSTANT_CONVERSION = YES;
				CLANG_WARN_DIRECT_OBJC_ISA_USAGE = YES_ERROR;
				CLANG_WARN_DOCUMENTATION_COMMENTS = YES;
				CLANG_WARN_EMPTY_BODY = YES;
				CLANG_WARN_ENUM_CONVERSION = YES;
				CLANG_WARN_INFINITE_RECURSION = YES;
				CLANG_WARN_INT_CONVERSION = YES;
				CLANG_WARN_NON_LITERAL_NULL_CONVERSION = YES;
				CLANG_WARN_OBJC_LITERAL_CONVERSION = YES;
				CLANG_WARN_OBJC_ROOT_CLASS = YES_ERROR;
				CLANG_WARN_RANGE_LOOP_ANALYSIS = YES;
				CLANG_WARN_STRICT_PROTOTYPES = YES;
				CLANG_WARN_SUSPICIOUS_MOVE = YES;
				CLANG_WARN_UNGUARDED_AVAILABILITY = YES_AGGRESSIVE;
				CLANG_WARN_UNREACHABLE_CODE = YES;
				CLANG_WARN__DUPLICATE_METHOD_MATCH = YES;
				CODE_SIGN_IDENTITY = "iPhone Developer";
				COPY_PHASE_STRIP = NO;
				DEBUG_INFORMATION_FORMAT = "dwarf-with-dsym";
				ENABLE_NS_ASSERTIONS = NO;
				ENABLE_STRICT_OBJC_MSGSEND = YES;
				GCC_C_LANGUAGE_STANDARD = gnu11;
				GCC_NO_COMMON_BLOCKS = YES;
				GCC_WARN_64_TO_32_BIT_CONVERSION = YES;
				GCC_WARN_ABOUT_RETURN_TYPE = YES_ERROR;
				GCC_WARN_UNDECLARED_SELECTOR = YES;
				GCC_WARN_UNINITIALIZED_AUTOS = YES_AGGRESSIVE;
				GCC_WARN_UNUSED_FUNCTION = YES;
				GCC_WARN_UNUSED_VARIABLE = YES;
				IPHONEOS_DEPLOYMENT_TARGET = 11.2;
				MTL_ENABLE_DEBUG_INFO = NO;
				SDKROOT = iphoneos;
				SWIFT_OPTIMIZATION_LEVEL = "-Owholemodule";
				VALIDATE_PRODUCT = YES;
			};
			name = Release;
		};
		1625CD0F20192C1F00BA50F4 /* Debug */ = {
			isa = XCBuildConfiguration;
			buildSettings = {
				ASSETCATALOG_COMPILER_APPICON_NAME = AppIcon;
				CODE_SIGN_STYLE = Automatic;
				DEVELOPMENT_TEAM = 4G6N3C3LBE;
				INFOPLIST_FILE = EmotionalCoreML/Info.plist;
				IPHONEOS_DEPLOYMENT_TARGET = 11.0;
				LD_RUNPATH_SEARCH_PATHS = "$(inherited) @executable_path/Frameworks";
				PRODUCT_BUNDLE_IDENTIFIER = celilbozkurt.coreML;
				PRODUCT_NAME = "$(TARGET_NAME)";
				SWIFT_VERSION = 4.0;
				TARGETED_DEVICE_FAMILY = "1,2";
			};
			name = Debug;
		};
		1625CD1020192C1F00BA50F4 /* Release */ = {
			isa = XCBuildConfiguration;
			buildSettings = {
				ASSETCATALOG_COMPILER_APPICON_NAME = AppIcon;
				CODE_SIGN_STYLE = Automatic;
				DEVELOPMENT_TEAM = 4G6N3C3LBE;
				INFOPLIST_FILE = EmotionalCoreML/Info.plist;
				IPHONEOS_DEPLOYMENT_TARGET = 11.0;
				LD_RUNPATH_SEARCH_PATHS = "$(inherited) @executable_path/Frameworks";
				PRODUCT_BUNDLE_IDENTIFIER = celilbozkurt.coreML;
				PRODUCT_NAME = "$(TARGET_NAME)";
				SWIFT_VERSION = 4.0;
				TARGETED_DEVICE_FAMILY = "1,2";
			};
			name = Release;
		};
		1625CD1220192C1F00BA50F4 /* Debug */ = {
			isa = XCBuildConfiguration;
			buildSettings = {
				ALWAYS_EMBED_SWIFT_STANDARD_LIBRARIES = YES;
				BUNDLE_LOADER = "$(TEST_HOST)";
				CODE_SIGN_STYLE = Automatic;
				DEVELOPMENT_TEAM = 4G6N3C3LBE;
				INFOPLIST_FILE = EmotionalCoreMLTests/Info.plist;
				LD_RUNPATH_SEARCH_PATHS = "$(inherited) @executable_path/Frameworks @loader_path/Frameworks";
				PRODUCT_BUNDLE_IDENTIFIER = celilbozkurt.EmotionalCoreMLTests;
				PRODUCT_NAME = "$(TARGET_NAME)";
				SWIFT_VERSION = 4.0;
				TARGETED_DEVICE_FAMILY = "1,2";
				TEST_HOST = "$(BUILT_PRODUCTS_DIR)/EmotionalCoreML.app/EmotionalCoreML";
			};
			name = Debug;
		};
		1625CD1320192C1F00BA50F4 /* Release */ = {
			isa = XCBuildConfiguration;
			buildSettings = {
				ALWAYS_EMBED_SWIFT_STANDARD_LIBRARIES = YES;
				BUNDLE_LOADER = "$(TEST_HOST)";
				CODE_SIGN_STYLE = Automatic;
				DEVELOPMENT_TEAM = 4G6N3C3LBE;
				INFOPLIST_FILE = EmotionalCoreMLTests/Info.plist;
				LD_RUNPATH_SEARCH_PATHS = "$(inherited) @executable_path/Frameworks @loader_path/Frameworks";
				PRODUCT_BUNDLE_IDENTIFIER = celilbozkurt.EmotionalCoreMLTests;
				PRODUCT_NAME = "$(TARGET_NAME)";
				SWIFT_VERSION = 4.0;
				TARGETED_DEVICE_FAMILY = "1,2";
				TEST_HOST = "$(BUILT_PRODUCTS_DIR)/EmotionalCoreML.app/EmotionalCoreML";
			};
			name = Release;
		};
		1625CD1520192C1F00BA50F4 /* Debug */ = {
			isa = XCBuildConfiguration;
			buildSettings = {
				ALWAYS_EMBED_SWIFT_STANDARD_LIBRARIES = YES;
				CODE_SIGN_STYLE = Automatic;
				DEVELOPMENT_TEAM = 4G6N3C3LBE;
				INFOPLIST_FILE = EmotionalCoreMLUITests/Info.plist;
				LD_RUNPATH_SEARCH_PATHS = "$(inherited) @executable_path/Frameworks @loader_path/Frameworks";
				PRODUCT_BUNDLE_IDENTIFIER = celilbozkurt.EmotionalCoreMLUITests;
				PRODUCT_NAME = "$(TARGET_NAME)";
				SWIFT_VERSION = 4.0;
				TARGETED_DEVICE_FAMILY = "1,2";
				TEST_TARGET_NAME = EmotionalCoreML;
			};
			name = Debug;
		};
		1625CD1620192C1F00BA50F4 /* Release */ = {
			isa = XCBuildConfiguration;
			buildSettings = {
				ALWAYS_EMBED_SWIFT_STANDARD_LIBRARIES = YES;
				CODE_SIGN_STYLE = Automatic;
				DEVELOPMENT_TEAM = 4G6N3C3LBE;
				INFOPLIST_FILE = EmotionalCoreMLUITests/Info.plist;
				LD_RUNPATH_SEARCH_PATHS = "$(inherited) @executable_path/Frameworks @loader_path/Frameworks";
				PRODUCT_BUNDLE_IDENTIFIER = celilbozkurt.EmotionalCoreMLUITests;
				PRODUCT_NAME = "$(TARGET_NAME)";
				SWIFT_VERSION = 4.0;
				TARGETED_DEVICE_FAMILY = "1,2";
				TEST_TARGET_NAME = EmotionalCoreML;
			};
			name = Release;
		};
/* End XCBuildConfiguration section */

/* Begin XCConfigurationList section */
		1625CCDE20192C1F00BA50F4 /* Build configuration list for PBXProject "EmotionalCoreML" */ = {
			isa = XCConfigurationList;
			buildConfigurations = (
				1625CD0C20192C1F00BA50F4 /* Debug */,
				1625CD0D20192C1F00BA50F4 /* Release */,
			);
			defaultConfigurationIsVisible = 0;
			defaultConfigurationName = Release;
		};
		1625CD0E20192C1F00BA50F4 /* Build configuration list for PBXNativeTarget "EmotionalCoreML" */ = {
			isa = XCConfigurationList;
			buildConfigurations = (
				1625CD0F20192C1F00BA50F4 /* Debug */,
				1625CD1020192C1F00BA50F4 /* Release */,
			);
			defaultConfigurationIsVisible = 0;
			defaultConfigurationName = Release;
		};
		1625CD1120192C1F00BA50F4 /* Build configuration list for PBXNativeTarget "EmotionalCoreMLTests" */ = {
			isa = XCConfigurationList;
			buildConfigurations = (
				1625CD1220192C1F00BA50F4 /* Debug */,
				1625CD1320192C1F00BA50F4 /* Release */,
			);
			defaultConfigurationIsVisible = 0;
			defaultConfigurationName = Release;
		};
		1625CD1420192C1F00BA50F4 /* Build configuration list for PBXNativeTarget "EmotionalCoreMLUITests" */ = {
			isa = XCConfigurationList;
			buildConfigurations = (
				1625CD1520192C1F00BA50F4 /* Debug */,
				1625CD1620192C1F00BA50F4 /* Release */,
			);
			defaultConfigurationIsVisible = 0;
			defaultConfigurationName = Release;
		};
/* End XCConfigurationList section */
	};
	rootObject = 1625CCDB20192C1F00BA50F4 /* Project object */;
}
